
Microsoft Visual Studio Solution File, Format Version 12.00
# Visual Studio Version 17
VisualStudioVersion = 17.4.33103.184
MinimumVisualStudioVersion = 10.0.40219.1
Project("{FAE04EC0-301F-11D3-BF4B-00C04F79EFBC}") = "Z2Client", "Z2Client\Z2Client.csproj", "{65E8AE51-DBAD-4CD5-980D-1C0D48B597BA}"
EndProject
Global
	GlobalSection(SolutionConfigurationPlatforms) = preSolution
		Debug|Any CPU = Debug|Any CPU
		Release|Any CPU = Release|Any CPU
	EndGlobalSection
	GlobalSection(ProjectConfigurationPlatforms) = postSolution
		{65E8AE51-DBAD-4CD5-980D-1C0D48B597BA}.Debug|Any CPU.ActiveCfg = Debug|Any CPU
		{65E8AE51-DBAD-4CD5-980D-1C0D48B597BA}.Debug|Any CPU.Build.0 = Debug|Any CPU
		{65E8AE51-DBAD-4CD5-980D-1C0D48B597BA}.Release|Any CPU.ActiveCfg = Release|Any CPU
		{65E8AE51-DBAD-4CD5-980D-1C0D48B597BA}.Release|Any CPU.Build.0 = Release|Any CPU
	EndGlobalSection
	GlobalSection(SolutionProperties) = preSolution
		HideSolutionNode = FALSE
	EndGlobalSection
	GlobalSection(ExtensibilityGlobals) = postSolution
		SolutionGuid = {39C8BDDB-9CB1-431F-B5E5-566EF66D4026}
	EndGlobalSection
EndGlobal
